
Microsoft Visual Studio Solution File, Format Version 12.00
# Visual Studio Version 16
VisualStudioVersion = 16.0.32106.194
MinimumVisualStudioVersion = 10.0.40219.1
Project("{FAE04EC0-301F-11D3-BF4B-00C04F79EFBC}") = "BirthdayApp", "BirthdayApp.csproj", "{815762CD-7FEE-454C-9A30-DC80CF466633}"
EndProject
Project("{FAE04EC0-301F-11D3-BF4B-00C04F79EFBC}") = "BirthDay_WebApi", "..\BirthDay_WebApi\BirthDay_WebApi.csproj", "{8AA9EE36-0328-4AE1-95B3-7F7CFC55DB96}"
EndProject
Project("{FAE04EC0-301F-11D3-BF4B-00C04F79EFBC}") = "JQueryWebApp", "..\JQueryWebApp\JQueryWebApp.csproj", "{36AE16BC-F6A9-4E47-A007-EC67CF4F2F1E}"
EndProject
Global
	GlobalSection(SolutionConfigurationPlatforms) = preSolution
		Debug|Any CPU = Debug|Any CPU
		Release|Any CPU = Release|Any CPU
	EndGlobalSection
	GlobalSection(ProjectConfigurationPlatforms) = postSolution
		{815762CD-7FEE-454C-9A30-DC80CF466633}.Debug|Any CPU.ActiveCfg = Debug|Any CPU
		{815762CD-7FEE-454C-9A30-DC80CF466633}.Debug|Any CPU.Build.0 = Debug|Any CPU
		{815762CD-7FEE-454C-9A30-DC80CF466633}.Release|Any CPU.ActiveCfg = Release|Any CPU
		{815762CD-7FEE-454C-9A30-DC80CF466633}.Release|Any CPU.Build.0 = Release|Any CPU
		{8AA9EE36-0328-4AE1-95B3-7F7CFC55DB96}.Debug|Any CPU.ActiveCfg = Debug|Any CPU
		{8AA9EE36-0328-4AE1-95B3-7F7CFC55DB96}.Debug|Any CPU.Build.0 = Debug|Any CPU
		{8AA9EE36-0328-4AE1-95B3-7F7CFC55DB96}.Release|Any CPU.ActiveCfg = Release|Any CPU
		{8AA9EE36-0328-4AE1-95B3-7F7CFC55DB96}.Release|Any CPU.Build.0 = Release|Any CPU
		{36AE16BC-F6A9-4E47-A007-EC67CF4F2F1E}.Debug|Any CPU.ActiveCfg = Debug|Any CPU
		{36AE16BC-F6A9-4E47-A007-EC67CF4F2F1E}.Debug|Any CPU.Build.0 = Debug|Any CPU
		{36AE16BC-F6A9-4E47-A007-EC67CF4F2F1E}.Release|Any CPU.ActiveCfg = Release|Any CPU
		{36AE16BC-F6A9-4E47-A007-EC67CF4F2F1E}.Release|Any CPU.Build.0 = Release|Any CPU
	EndGlobalSection
	GlobalSection(SolutionProperties) = preSolution
		HideSolutionNode = FALSE
	EndGlobalSection
	GlobalSection(ExtensibilityGlobals) = postSolution
		SolutionGuid = {21A3381D-96AF-4094-8E1E-DD3AABC8000E}
	EndGlobalSection
EndGlobal
